
Microsoft Visual Studio Solution File, Format Version 12.00
# Visual Studio Version 17
VisualStudioVersion = 17.1.32228.430
MinimumVisualStudioVersion = 10.0.40219.1
Project("{FAE04EC0-301F-11D3-BF4B-00C04F79EFBC}") = "AlgorithmW", "AlgorithmW\AlgorithmW.csproj", "{6DE97596-B02D-43B7-81EE-2AA5E6E4F2A5}"
EndProject
Global
	GlobalSection(SolutionConfigurationPlatforms) = preSolution
		Debug|Any CPU = Debug|Any CPU
		Release|Any CPU = Release|Any CPU
	EndGlobalSection
	GlobalSection(ProjectConfigurationPlatforms) = postSolution
		{6DE97596-B02D-43B7-81EE-2AA5E6E4F2A5}.Debug|Any CPU.ActiveCfg = Debug|Any CPU
		{6DE97596-B02D-43B7-81EE-2AA5E6E4F2A5}.Debug|Any CPU.Build.0 = Debug|Any CPU
		{6DE97596-B02D-43B7-81EE-2AA5E6E4F2A5}.Release|Any CPU.ActiveCfg = Release|Any CPU
		{6DE97596-B02D-43B7-81EE-2AA5E6E4F2A5}.Release|Any CPU.Build.0 = Release|Any CPU
	EndGlobalSection
	GlobalSection(SolutionProperties) = preSolution
		HideSolutionNode = FALSE
	EndGlobalSection
	GlobalSection(ExtensibilityGlobals) = postSolution
		SolutionGuid = {4CF97DB7-325C-4E46-8829-0C34D09D9E93}
	EndGlobalSection
EndGlobal
